
Microsoft Visual Studio Solution File, Format Version 12.00
Project("{FAE04EC0-301F-11D3-BF4B-00C04F79EFBC}") = "Warrior", "Warrior\Warrior.csproj", "{051DD2B8-3BC3-4A41-B6F9-8BB3B8E2FB46}"
EndProject
Project("{FAE04EC0-301F-11D3-BF4B-00C04F79EFBC}") = "WarriorTests", "WarriorTests\WarriorTests.csproj", "{76BAE962-CC87-4067-A84D-71C0CEFF280F}"
EndProject
Global
	GlobalSection(SolutionConfigurationPlatforms) = preSolution
		Debug|Any CPU = Debug|Any CPU
		Release|Any CPU = Release|Any CPU
	EndGlobalSection
	GlobalSection(ProjectConfigurationPlatforms) = postSolution
		{051DD2B8-3BC3-4A41-B6F9-8BB3B8E2FB46}.Debug|Any CPU.ActiveCfg = Debug|Any CPU
		{051DD2B8-3BC3-4A41-B6F9-8BB3B8E2FB46}.Debug|Any CPU.Build.0 = Debug|Any CPU
		{051DD2B8-3BC3-4A41-B6F9-8BB3B8E2FB46}.Release|Any CPU.ActiveCfg = Release|Any CPU
		{051DD2B8-3BC3-4A41-B6F9-8BB3B8E2FB46}.Release|Any CPU.Build.0 = Release|Any CPU
		{76BAE962-CC87-4067-A84D-71C0CEFF280F}.Debug|Any CPU.ActiveCfg = Debug|Any CPU
		{76BAE962-CC87-4067-A84D-71C0CEFF280F}.Debug|Any CPU.Build.0 = Debug|Any CPU
		{76BAE962-CC87-4067-A84D-71C0CEFF280F}.Release|Any CPU.ActiveCfg = Release|Any CPU
		{76BAE962-CC87-4067-A84D-71C0CEFF280F}.Release|Any CPU.Build.0 = Release|Any CPU
	EndGlobalSection
EndGlobal
